// !$*UTF8*$!
{
	archiveVersion = 1;
	classes = {
	};
	objectVersion = 50;
	objects = {

/* Begin PBXBuildFile section */
		5D09912622C021BF00C00D3E /* AppDelegate.swift in Sources */ = {isa = PBXBuildFile; fileRef = 5D09912522C021BF00C00D3E /* AppDelegate.swift */; };
		5D09912822C021BF00C00D3E /* ForTodayViewController.swift in Sources */ = {isa = PBXBuildFile; fileRef = 5D09912722C021BF00C00D3E /* ForTodayViewController.swift */; };
		5D09912B22C021C000C00D3E /* Main.storyboard in Resources */ = {isa = PBXBuildFile; fileRef = 5D09912922C021C000C00D3E /* Main.storyboard */; };
		5D09912D22C021C200C00D3E /* Assets.xcassets in Resources */ = {isa = PBXBuildFile; fileRef = 5D09912C22C021C200C00D3E /* Assets.xcassets */; };
		5D09913022C021C200C00D3E /* LaunchScreen.storyboard in Resources */ = {isa = PBXBuildFile; fileRef = 5D09912E22C021C200C00D3E /* LaunchScreen.storyboard */; };
		5D09913B22C1603300C00D3E /* CustomTableViewCell.swift in Sources */ = {isa = PBXBuildFile; fileRef = 5D09913922C1603300C00D3E /* CustomTableViewCell.swift */; };
		5D09913C22C1603300C00D3E /* CustomTableViewCell.xib in Resources */ = {isa = PBXBuildFile; fileRef = 5D09913A22C1603300C00D3E /* CustomTableViewCell.xib */; };
		5D09914022C78A1100C00D3E /* TimeLeftViewController.swift in Sources */ = {isa = PBXBuildFile; fileRef = 5D09913F22C78A1100C00D3E /* TimeLeftViewController.swift */; };
		5D09914422C78E5200C00D3E /* Deadline.swift in Sources */ = {isa = PBXBuildFile; fileRef = 5D09914322C78E5200C00D3E /* Deadline.swift */; };
		5D1C503E22CCD93600A56AD3 /* TimeLeftTableViewCell.swift in Sources */ = {isa = PBXBuildFile; fileRef = 5D1C503C22CCD93600A56AD3 /* TimeLeftTableViewCell.swift */; };
		5D1C503F22CCD93600A56AD3 /* TimeLeftTableViewCell.xib in Resources */ = {isa = PBXBuildFile; fileRef = 5D1C503D22CCD93600A56AD3 /* TimeLeftTableViewCell.xib */; };
		5D7B118C22CE3AB300D49D1A /* AddDeadlineViewController.swift in Sources */ = {isa = PBXBuildFile; fileRef = 5D7B118B22CE3AB300D49D1A /* AddDeadlineViewController.swift */; };
/* End PBXBuildFile section */

/* Begin PBXFileReference section */
		5D09912222C021BF00C00D3E /* Deadlines.app */ = {isa = PBXFileReference; explicitFileType = wrapper.application; includeInIndex = 0; path = Deadlines.app; sourceTree = BUILT_PRODUCTS_DIR; };
		5D09912522C021BF00C00D3E /* AppDelegate.swift */ = {isa = PBXFileReference; lastKnownFileType = sourcecode.swift; path = AppDelegate.swift; sourceTree = "<group>"; };
		5D09912722C021BF00C00D3E /* ForTodayViewController.swift */ = {isa = PBXFileReference; lastKnownFileType = sourcecode.swift; path = ForTodayViewController.swift; sourceTree = "<group>"; };
		5D09912A22C021C000C00D3E /* Base */ = {isa = PBXFileReference; lastKnownFileType = file.storyboard; name = Base; path = Base.lproj/Main.storyboard; sourceTree = "<group>"; };
		5D09912C22C021C200C00D3E /* Assets.xcassets */ = {isa = PBXFileReference; lastKnownFileType = folder.assetcatalog; path = Assets.xcassets; sourceTree = "<group>"; };
		5D09912F22C021C200C00D3E /* Base */ = {isa = PBXFileReference; lastKnownFileType = file.storyboard; name = Base; path = Base.lproj/LaunchScreen.storyboard; sourceTree = "<group>"; };
		5D09913122C021C200C00D3E /* Info.plist */ = {isa = PBXFileReference; lastKnownFileType = text.plist.xml; path = Info.plist; sourceTree = "<group>"; };
		5D09913922C1603300C00D3E /* CustomTableViewCell.swift */ = {isa = PBXFileReference; lastKnownFileType = sourcecode.swift; path = CustomTableViewCell.swift; sourceTree = "<group>"; };
		5D09913A22C1603300C00D3E /* CustomTableViewCell.xib */ = {isa = PBXFileReference; lastKnownFileType = file.xib; path = CustomTableViewCell.xib; sourceTree = "<group>"; };
		5D09913F22C78A1100C00D3E /* TimeLeftViewController.swift */ = {isa = PBXFileReference; lastKnownFileType = sourcecode.swift; path = TimeLeftViewController.swift; sourceTree = "<group>"; };
		5D09914322C78E5200C00D3E /* Deadline.swift */ = {isa = PBXFileReference; lastKnownFileType = sourcecode.swift; name = Deadline.swift; path = ../Deadline.swift; sourceTree = "<group>"; };
		5D1C503C22CCD93600A56AD3 /* TimeLeftTableViewCell.swift */ = {isa = PBXFileReference; lastKnownFileType = sourcecode.swift; path = TimeLeftTableViewCell.swift; sourceTree = "<group>"; };
		5D1C503D22CCD93600A56AD3 /* TimeLeftTableViewCell.xib */ = {isa = PBXFileReference; lastKnownFileType = file.xib; path = TimeLeftTableViewCell.xib; sourceTree = "<group>"; };
		5D7B118B22CE3AB300D49D1A /* AddDeadlineViewController.swift */ = {isa = PBXFileReference; lastKnownFileType = sourcecode.swift; path = AddDeadlineViewController.swift; sourceTree = "<group>"; };
/* End PBXFileReference section */

/* Begin PBXFrameworksBuildPhase section */
		5D09911F22C021BF00C00D3E /* Frameworks */ = {
			isa = PBXFrameworksBuildPhase;
			buildActionMask = 2147483647;
			files = (
			);
			runOnlyForDeploymentPostprocessing = 0;
		};
/* End PBXFrameworksBuildPhase section */

/* Begin PBXGroup section */
		5D09911922C021BF00C00D3E = {
			isa = PBXGroup;
			children = (
				5D09912422C021BF00C00D3E /* Deadlines */,
				5D09912322C021BF00C00D3E /* Products */,
			);
			sourceTree = "<group>";
		};
		5D09912322C021BF00C00D3E /* Products */ = {
			isa = PBXGroup;
			children = (
				5D09912222C021BF00C00D3E /* Deadlines.app */,
			);
			name = Products;
			sourceTree = "<group>";
		};
		5D09912422C021BF00C00D3E /* Deadlines */ = {
			isa = PBXGroup;
			children = (
				5D09912522C021BF00C00D3E /* AppDelegate.swift */,
				5D6D815722CE872A00028330 /* Controllers */,
				5D09912922C021C000C00D3E /* Main.storyboard */,
				5D09914322C78E5200C00D3E /* Deadline.swift */,
				5D6D815822CE879600028330 /* ForTodayTableViewCell */,
				5D6D815922CE87CA00028330 /* TimeLeftTableViewCell */,
				5D09912C22C021C200C00D3E /* Assets.xcassets */,
				5D09912E22C021C200C00D3E /* LaunchScreen.storyboard */,
				5D09913122C021C200C00D3E /* Info.plist */,
			);
			path = Deadlines;
			sourceTree = "<group>";
		};
		5D6D815722CE872A00028330 /* Controllers */ = {
			isa = PBXGroup;
			children = (
				5D09912722C021BF00C00D3E /* ForTodayViewController.swift */,
				5D09913F22C78A1100C00D3E /* TimeLeftViewController.swift */,
				5D7B118B22CE3AB300D49D1A /* AddDeadlineViewController.swift */,
			);
			path = Controllers;
			sourceTree = "<group>";
		};
		5D6D815822CE879600028330 /* ForTodayTableViewCell */ = {
			isa = PBXGroup;
			children = (
				5D09913922C1603300C00D3E /* CustomTableViewCell.swift */,
				5D09913A22C1603300C00D3E /* CustomTableViewCell.xib */,
			);
			path = ForTodayTableViewCell;
			sourceTree = "<group>";
		};
		5D6D815922CE87CA00028330 /* TimeLeftTableViewCell */ = {
			isa = PBXGroup;
			children = (
				5D1C503C22CCD93600A56AD3 /* TimeLeftTableViewCell.swift */,
				5D1C503D22CCD93600A56AD3 /* TimeLeftTableViewCell.xib */,
			);
			path = TimeLeftTableViewCell;
			sourceTree = "<group>";
		};
/* End PBXGroup section */

/* Begin PBXNativeTarget section */
		5D09912122C021BF00C00D3E /* Deadlines */ = {
			isa = PBXNativeTarget;
			buildConfigurationList = 5D09913422C021C200C00D3E /* Build configuration list for PBXNativeTarget "Deadlines" */;
			buildPhases = (
				5D09911E22C021BF00C00D3E /* Sources */,
				5D09911F22C021BF00C00D3E /* Frameworks */,
				5D09912022C021BF00C00D3E /* Resources */,
			);
			buildRules = (
			);
			dependencies = (
			);
			name = Deadlines;
			productName = Deadlines;
			productReference = 5D09912222C021BF00C00D3E /* Deadlines.app */;
			productType = "com.apple.product-type.application";
		};
/* End PBXNativeTarget section */

/* Begin PBXProject section */
		5D09911A22C021BF00C00D3E /* Project object */ = {
			isa = PBXProject;
			attributes = {
				LastSwiftUpdateCheck = 1020;
				LastUpgradeCheck = 1020;
				ORGANIZATIONNAME = Anastasia;
				TargetAttributes = {
					5D09912122C021BF00C00D3E = {
						CreatedOnToolsVersion = 10.2.1;
					};
				};
			};
			buildConfigurationList = 5D09911D22C021BF00C00D3E /* Build configuration list for PBXProject "Deadlines" */;
			compatibilityVersion = "Xcode 9.3";
			developmentRegion = en;
			hasScannedForEncodings = 0;
			knownRegions = (
				en,
				Base,
			);
			mainGroup = 5D09911922C021BF00C00D3E;
			productRefGroup = 5D09912322C021BF00C00D3E /* Products */;
			projectDirPath = "";
			projectRoot = "";
			targets = (
				5D09912122C021BF00C00D3E /* Deadlines */,
			);
		};
/* End PBXProject section */

/* Begin PBXResourcesBuildPhase section */
		5D09912022C021BF00C00D3E /* Resources */ = {
			isa = PBXResourcesBuildPhase;
			buildActionMask = 2147483647;
			files = (
				5D09913022C021C200C00D3E /* LaunchScreen.storyboard in Resources */,
				5D09912D22C021C200C00D3E /* Assets.xcassets in Resources */,
				5D09913C22C1603300C00D3E /* CustomTableViewCell.xib in Resources */,
				5D1C503F22CCD93600A56AD3 /* TimeLeftTableViewCell.xib in Resources */,
				5D09912B22C021C000C00D3E /* Main.storyboard in Resources */,
			);
			runOnlyForDeploymentPostprocessing = 0;
		};
/* End PBXResourcesBuildPhase section */

/* Begin PBXSourcesBuildPhase section */
		5D09911E22C021BF00C00D3E /* Sources */ = {
			isa = PBXSourcesBuildPhase;
			buildActionMask = 2147483647;
			files = (
				5D09914022C78A1100C00D3E /* TimeLeftViewController.swift in Sources */,
				5D7B118C22CE3AB300D49D1A /* AddDeadlineViewController.swift in Sources */,
				5D1C503E22CCD93600A56AD3 /* TimeLeftTableViewCell.swift in Sources */,
				5D09913B22C1603300C00D3E /* CustomTableViewCell.swift in Sources */,
				5D09912822C021BF00C00D3E /* ForTodayViewController.swift in Sources */,
				5D09914422C78E5200C00D3E /* Deadline.swift in Sources */,
				5D09912622C021BF00C00D3E /* AppDelegate.swift in Sources */,
			);
			runOnlyForDeploymentPostprocessing = 0;
		};
/* End PBXSourcesBuildPhase section */

/* Begin PBXVariantGroup section */
		5D09912922C021C000C00D3E /* Main.storyboard */ = {
			isa = PBXVariantGroup;
			children = (
				5D09912A22C021C000C00D3E /* Base */,
			);
			name = Main.storyboard;
			sourceTree = "<group>";
		};
		5D09912E22C021C200C00D3E /* LaunchScreen.storyboard */ = {
			isa = PBXVariantGroup;
			children = (
				5D09912F22C021C200C00D3E /* Base */,
			);
			name = LaunchScreen.storyboard;
			sourceTree = "<group>";
		};
/* End PBXVariantGroup section */

/* Begin XCBuildConfiguration section */
		5D09913222C021C200C00D3E /* Debug */ = {
			isa = XCBuildConfiguration;
			buildSettings = {
				ALWAYS_SEARCH_USER_PATHS = NO;
				CLANG_ANALYZER_NONNULL = YES;
				CLANG_ANALYZER_NUMBER_OBJECT_CONVERSION = YES_AGGRESSIVE;
				CLANG_CXX_LANGUAGE_STANDARD = "gnu++14";
				CLANG_CXX_LIBRARY = "libc++";
				CLANG_ENABLE_MODULES = YES;
				CLANG_ENABLE_OBJC_ARC = YES;
				CLANG_ENABLE_OBJC_WEAK = YES;
				CLANG_WARN_BLOCK_CAPTURE_AUTORELEASING = YES;
				CLANG_WARN_BOOL_CONVERSION = YES;
				CLANG_WARN_COMMA = YES;
				CLANG_WARN_CONSTANT_CONVERSION = YES;
				CLANG_WARN_DEPRECATED_OBJC_IMPLEMENTATIONS = YES;
				CLANG_WARN_DIRECT_OBJC_ISA_USAGE = YES_ERROR;
				CLANG_WARN_DOCUMENTATION_COMMENTS = YES;
				CLANG_WARN_EMPTY_BODY = YES;
				CLANG_WARN_ENUM_CONVERSION = YES;
				CLANG_WARN_INFINITE_RECURSION = YES;
				CLANG_WARN_INT_CONVERSION = YES;
				CLANG_WARN_NON_LITERAL_NULL_CONVERSION = YES;
				CLANG_WARN_OBJC_IMPLICIT_RETAIN_SELF = YES;
				CLANG_WARN_OBJC_LITERAL_CONVERSION = YES;
				CLANG_WARN_OBJC_ROOT_CLASS = YES_ERROR;
				CLANG_WARN_RANGE_LOOP_ANALYSIS = YES;
				CLANG_WARN_STRICT_PROTOTYPES = YES;
				CLANG_WARN_SUSPICIOUS_MOVE = YES;
				CLANG_WARN_UNGUARDED_AVAILABILITY = YES_AGGRESSIVE;
				CLANG_WARN_UNREACHABLE_CODE = YES;
				CLANG_WARN__DUPLICATE_METHOD_MATCH = YES;
				CODE_SIGN_IDENTITY = "iPhone Developer";
				COPY_PHASE_STRIP = NO;
				DEBUG_INFORMATION_FORMAT = dwarf;
				ENABLE_STRICT_OBJC_MSGSEND = YES;
				ENABLE_TESTABILITY = YES;
				GCC_C_LANGUAGE_STANDARD = gnu11;
				GCC_DYNAMIC_NO_PIC = NO;
				GCC_NO_COMMON_BLOCKS = YES;
				GCC_OPTIMIZATION_LEVEL = 0;
				GCC_PREPROCESSOR_DEFINITIONS = (
					"DEBUG=1",
					"$(inherited)",
				);
				GCC_WARN_64_TO_32_BIT_CONVERSION = YES;
				GCC_WARN_ABOUT_RETURN_TYPE = YES_ERROR;
				GCC_WARN_UNDECLARED_SELECTOR = YES;
				GCC_WARN_UNINITIALIZED_AUTOS = YES_AGGRESSIVE;
				GCC_WARN_UNUSED_FUNCTION = YES;
				GCC_WARN_UNUSED_VARIABLE = YES;
				IPHONEOS_DEPLOYMENT_TARGET = 12.2;
				MTL_ENABLE_DEBUG_INFO = INCLUDE_SOURCE;
				MTL_FAST_MATH = YES;
				ONLY_ACTIVE_ARCH = YES;
				SDKROOT = iphoneos;
				SWIFT_ACTIVE_COMPILATION_CONDITIONS = DEBUG;
				SWIFT_OPTIMIZATION_LEVEL = "-Onone";
			};
			name = Debug;
		};
		5D09913322C021C200C00D3E /* Release */ = {
			isa = XCBuildConfiguration;
			buildSettings = {
				ALWAYS_SEARCH_USER_PATHS = NO;
				CLANG_ANALYZER_NONNULL = YES;
				CLANG_ANALYZER_NUMBER_OBJECT_CONVERSION = YES_AGGRESSIVE;
				CLANG_CXX_LANGUAGE_STANDARD = "gnu++14";
				CLANG_CXX_LIBRARY = "libc++";
				CLANG_ENABLE_MODULES = YES;
				CLANG_ENABLE_OBJC_ARC = YES;
				CLANG_ENABLE_OBJC_WEAK = YES;
				CLANG_WARN_BLOCK_CAPTURE_AUTORELEASING = YES;
				CLANG_WARN_BOOL_CONVERSION = YES;
				CLANG_WARN_COMMA = YES;
				CLANG_WARN_CONSTANT_CONVERSION = YES;
				CLANG_WARN_DEPRECATED_OBJC_IMPLEMENTATIONS = YES;
				CLANG_WARN_DIRECT_OBJC_ISA_USAGE = YES_ERROR;
				CLANG_WARN_DOCUMENTATION_COMMENTS = YES;
				CLANG_WARN_EMPTY_BODY = YES;
				CLANG_WARN_ENUM_CONVERSION = YES;
				CLANG_WARN_INFINITE_RECURSION = YES;
				CLANG_WARN_INT_CONVERSION = YES;
				CLANG_WARN_NON_LITERAL_NULL_CONVERSION = YES;
				CLANG_WARN_OBJC_IMPLICIT_RETAIN_SELF = YES;
				CLANG_WARN_OBJC_LITERAL_CONVERSION = YES;
				CLANG_WARN_OBJC_ROOT_CLASS = YES_ERROR;
				CLANG_WARN_RANGE_LOOP_ANALYSIS = YES;
				CLANG_WARN_STRICT_PROTOTYPES = YES;
				CLANG_WARN_SUSPICIOUS_MOVE = YES;
				CLANG_WARN_UNGUARDED_AVAILABILITY = YES_AGGRESSIVE;
				CLANG_WARN_UNREACHABLE_CODE = YES;
				CLANG_WARN__DUPLICATE_METHOD_MATCH = YES;
				CODE_SIGN_IDENTITY = "iPhone Developer";
				COPY_PHASE_STRIP = NO;
				DEBUG_INFORMATION_FORMAT = "dwarf-with-dsym";
				ENABLE_NS_ASSERTIONS = NO;
				ENABLE_STRICT_OBJC_MSGSEND = YES;
				GCC_C_LANGUAGE_STANDARD = gnu11;
				GCC_NO_COMMON_BLOCKS = YES;
				GCC_WARN_64_TO_32_BIT_CONVERSION = YES;
				GCC_WARN_ABOUT_RETURN_TYPE = YES_ERROR;
				GCC_WARN_UNDECLARED_SELECTOR = YES;
				GCC_WARN_UNINITIALIZED_AUTOS = YES_AGGRESSIVE;
				GCC_WARN_UNUSED_FUNCTION = YES;
				GCC_WARN_UNUSED_VARIABLE = YES;
				IPHONEOS_DEPLOYMENT_TARGET = 12.2;
				MTL_ENABLE_DEBUG_INFO = NO;
				MTL_FAST_MATH = YES;
				SDKROOT = iphoneos;
				SWIFT_COMPILATION_MODE = wholemodule;
				SWIFT_OPTIMIZATION_LEVEL = "-O";
				VALIDATE_PRODUCT = YES;
			};
			name = Release;
		};
		5D09913522C021C200C00D3E /* Debug */ = {
			isa = XCBuildConfiguration;
			buildSettings = {
				ASSETCATALOG_COMPILER_APPICON_NAME = AppIcon;
				CODE_SIGN_STYLE = Automatic;
				DEVELOPMENT_TEAM = 7KFHN9UQ5P;
				INFOPLIST_FILE = Deadlines/Info.plist;
				LD_RUNPATH_SEARCH_PATHS = (
					"$(inherited)",
					"@executable_path/Frameworks",
				);
				PRODUCT_BUNDLE_IDENTIFIER = Holovash.Deadlines;
				PRODUCT_NAME = "$(TARGET_NAME)";
				SWIFT_VERSION = 5.0;
				TARGETED_DEVICE_FAMILY = "1,2";
			};
			name = Debug;
		};
		5D09913622C021C200C00D3E /* Release */ = {
			isa = XCBuildConfiguration;
			buildSettings = {
				ASSETCATALOG_COMPILER_APPICON_NAME = AppIcon;
				CODE_SIGN_STYLE = Automatic;
				DEVELOPMENT_TEAM = 7KFHN9UQ5P;
				INFOPLIST_FILE = Deadlines/Info.plist;
				LD_RUNPATH_SEARCH_PATHS = (
					"$(inherited)",
					"@executable_path/Frameworks",
				);
				PRODUCT_BUNDLE_IDENTIFIER = Holovash.Deadlines;
				PRODUCT_NAME = "$(TARGET_NAME)";
				SWIFT_VERSION = 5.0;
				TARGETED_DEVICE_FAMILY = "1,2";
			};
			name = Release;
		};
/* End XCBuildConfiguration section */

/* Begin XCConfigurationList section */
		5D09911D22C021BF00C00D3E /* Build configuration list for PBXProject "Deadlines" */ = {
			isa = XCConfigurationList;
			buildConfigurations = (
				5D09913222C021C200C00D3E /* Debug */,
				5D09913322C021C200C00D3E /* Release */,
			);
			defaultConfigurationIsVisible = 0;
			defaultConfigurationName = Release;
		};
		5D09913422C021C200C00D3E /* Build configuration list for PBXNativeTarget "Deadlines" */ = {
			isa = XCConfigurationList;
			buildConfigurations = (
				5D09913522C021C200C00D3E /* Debug */,
				5D09913622C021C200C00D3E /* Release */,
			);
			defaultConfigurationIsVisible = 0;
			defaultConfigurationName = Release;
		};
/* End XCConfigurationList section */
	};
	rootObject = 5D09911A22C021BF00C00D3E /* Project object */;
}
